// !$*UTF8*$!
{
	archiveVersion = 1;
	classes = {
	};
	objectVersion = 50;
	objects = {

/* Begin PBXBuildFile section */
		3F9FE4C3245A339300BD36DF /* AppDelegate.swift in Sources */ = {isa = PBXBuildFile; fileRef = 3F9FE4C2245A339300BD36DF /* AppDelegate.swift */; };
		3F9FE4C5245A339300BD36DF /* ViewController.swift in Sources */ = {isa = PBXBuildFile; fileRef = 3F9FE4C4245A339300BD36DF /* ViewController.swift */; };
		3F9FE4C8245A339300BD36DF /* Main.storyboard in Resources */ = {isa = PBXBuildFile; fileRef = 3F9FE4C6245A339300BD36DF /* Main.storyboard */; };
		3F9FE4CB245A339300BD36DF /* DSCDBApp.xcdatamodeld in Sources */ = {isa = PBXBuildFile; fileRef = 3F9FE4C9245A339300BD36DF /* DSCDBApp.xcdatamodeld */; };
		3F9FE4CD245A339400BD36DF /* Assets.xcassets in Resources */ = {isa = PBXBuildFile; fileRef = 3F9FE4CC245A339400BD36DF /* Assets.xcassets */; };
		3F9FE4D0245A339400BD36DF /* LaunchScreen.storyboard in Resources */ = {isa = PBXBuildFile; fileRef = 3F9FE4CE245A339400BD36DF /* LaunchScreen.storyboard */; };
		3F9FE4DB245A339400BD36DF /* DSCDBAppTests.swift in Sources */ = {isa = PBXBuildFile; fileRef = 3F9FE4DA245A339400BD36DF /* DSCDBAppTests.swift */; };
		3F9FE4E6245A339400BD36DF /* DSCDBAppUITests.swift in Sources */ = {isa = PBXBuildFile; fileRef = 3F9FE4E5245A339400BD36DF /* DSCDBAppUITests.swift */; };
/* End PBXBuildFile section */

/* Begin PBXContainerItemProxy section */
		3F9FE4D7245A339400BD36DF /* PBXContainerItemProxy */ = {
			isa = PBXContainerItemProxy;
			containerPortal = 3F9FE4B7245A339300BD36DF /* Project object */;
			proxyType = 1;
			remoteGlobalIDString = 3F9FE4BE245A339300BD36DF;
			remoteInfo = DSCDBApp;
		};
		3F9FE4E2245A339400BD36DF /* PBXContainerItemProxy */ = {
			isa = PBXContainerItemProxy;
			containerPortal = 3F9FE4B7245A339300BD36DF /* Project object */;
			proxyType = 1;
			remoteGlobalIDString = 3F9FE4BE245A339300BD36DF;
			remoteInfo = DSCDBApp;
		};
/* End PBXContainerItemProxy section */

/* Begin PBXFileReference section */
		3F9FE4BF245A339300BD36DF /* DSCDBApp.app */ = {isa = PBXFileReference; explicitFileType = wrapper.application; includeInIndex = 0; path = DSCDBApp.app; sourceTree = BUILT_PRODUCTS_DIR; };
		3F9FE4C2245A339300BD36DF /* AppDelegate.swift */ = {isa = PBXFileReference; lastKnownFileType = sourcecode.swift; path = AppDelegate.swift; sourceTree = "<group>"; };
		3F9FE4C4245A339300BD36DF /* ViewController.swift */ = {isa = PBXFileReference; lastKnownFileType = sourcecode.swift; path = ViewController.swift; sourceTree = "<group>"; };
		3F9FE4C7245A339300BD36DF /* Base */ = {isa = PBXFileReference; lastKnownFileType = file.storyboard; name = Base; path = Base.lproj/Main.storyboard; sourceTree = "<group>"; };
		3F9FE4CA245A339300BD36DF /* DSCDBApp.xcdatamodel */ = {isa = PBXFileReference; lastKnownFileType = wrapper.xcdatamodel; path = DSCDBApp.xcdatamodel; sourceTree = "<group>"; };
		3F9FE4CC245A339400BD36DF /* Assets.xcassets */ = {isa = PBXFileReference; lastKnownFileType = folder.assetcatalog; path = Assets.xcassets; sourceTree = "<group>"; };
		3F9FE4CF245A339400BD36DF /* Base */ = {isa = PBXFileReference; lastKnownFileType = file.storyboard; name = Base; path = Base.lproj/LaunchScreen.storyboard; sourceTree = "<group>"; };
		3F9FE4D1245A339400BD36DF /* Info.plist */ = {isa = PBXFileReference; lastKnownFileType = text.plist.xml; path = Info.plist; sourceTree = "<group>"; };
		3F9FE4D6245A339400BD36DF /* DSCDBAppTests.xctest */ = {isa = PBXFileReference; explicitFileType = wrapper.cfbundle; includeInIndex = 0; path = DSCDBAppTests.xctest; sourceTree = BUILT_PRODUCTS_DIR; };
		3F9FE4DA245A339400BD36DF /* DSCDBAppTests.swift */ = {isa = PBXFileReference; lastKnownFileType = sourcecode.swift; path = DSCDBAppTests.swift; sourceTree = "<group>"; };
		3F9FE4DC245A339400BD36DF /* Info.plist */ = {isa = PBXFileReference; lastKnownFileType = text.plist.xml; path = Info.plist; sourceTree = "<group>"; };
		3F9FE4E1245A339400BD36DF /* DSCDBAppUITests.xctest */ = {isa = PBXFileReference; explicitFileType = wrapper.cfbundle; includeInIndex = 0; path = DSCDBAppUITests.xctest; sourceTree = BUILT_PRODUCTS_DIR; };
		3F9FE4E5245A339400BD36DF /* DSCDBAppUITests.swift */ = {isa = PBXFileReference; lastKnownFileType = sourcecode.swift; path = DSCDBAppUITests.swift; sourceTree = "<group>"; };
		3F9FE4E7245A339400BD36DF /* Info.plist */ = {isa = PBXFileReference; lastKnownFileType = text.plist.xml; path = Info.plist; sourceTree = "<group>"; };
/* End PBXFileReference section */

/* Begin PBXFrameworksBuildPhase section */
		3F9FE4BC245A339300BD36DF /* Frameworks */ = {
			isa = PBXFrameworksBuildPhase;
			buildActionMask = 2147483647;
			files = (
			);
			runOnlyForDeploymentPostprocessing = 0;
		};
		3F9FE4D3245A339400BD36DF /* Frameworks */ = {
			isa = PBXFrameworksBuildPhase;
			buildActionMask = 2147483647;
			files = (
			);
			runOnlyForDeploymentPostprocessing = 0;
		};
		3F9FE4DE245A339400BD36DF /* Frameworks */ = {
			isa = PBXFrameworksBuildPhase;
			buildActionMask = 2147483647;
			files = (
			);
			runOnlyForDeploymentPostprocessing = 0;
		};
/* End PBXFrameworksBuildPhase section */

/* Begin PBXGroup section */
		3F9FE4B6245A339300BD36DF = {
			isa = PBXGroup;
			children = (
				3F9FE4C1245A339300BD36DF /* DSCDBApp */,
				3F9FE4D9245A339400BD36DF /* DSCDBAppTests */,
				3F9FE4E4245A339400BD36DF /* DSCDBAppUITests */,
				3F9FE4C0245A339300BD36DF /* Products */,
			);
			sourceTree = "<group>";
		};
		3F9FE4C0245A339300BD36DF /* Products */ = {
			isa = PBXGroup;
			children = (
				3F9FE4BF245A339300BD36DF /* DSCDBApp.app */,
				3F9FE4D6245A339400BD36DF /* DSCDBAppTests.xctest */,
				3F9FE4E1245A339400BD36DF /* DSCDBAppUITests.xctest */,
			);
			name = Products;
			sourceTree = "<group>";
		};
		3F9FE4C1245A339300BD36DF /* DSCDBApp */ = {
			isa = PBXGroup;
			children = (
				3F9FE4C2245A339300BD36DF /* AppDelegate.swift */,
				3F9FE4C4245A339300BD36DF /* ViewController.swift */,
				3F9FE4C6245A339300BD36DF /* Main.storyboard */,
				3F9FE4CC245A339400BD36DF /* Assets.xcassets */,
				3F9FE4CE245A339400BD36DF /* LaunchScreen.storyboard */,
				3F9FE4D1245A339400BD36DF /* Info.plist */,
				3F9FE4C9245A339300BD36DF /* DSCDBApp.xcdatamodeld */,
			);
			path = DSCDBApp;
			sourceTree = "<group>";
		};
		3F9FE4D9245A339400BD36DF /* DSCDBAppTests */ = {
			isa = PBXGroup;
			children = (
				3F9FE4DA245A339400BD36DF /* DSCDBAppTests.swift */,
				3F9FE4DC245A339400BD36DF /* Info.plist */,
			);
			path = DSCDBAppTests;
			sourceTree = "<group>";
		};
		3F9FE4E4245A339400BD36DF /* DSCDBAppUITests */ = {
			isa = PBXGroup;
			children = (
				3F9FE4E5245A339400BD36DF /* DSCDBAppUITests.swift */,
				3F9FE4E7245A339400BD36DF /* Info.plist */,
			);
			path = DSCDBAppUITests;
			sourceTree = "<group>";
		};
/* End PBXGroup section */

/* Begin PBXNativeTarget section */
		3F9FE4BE245A339300BD36DF /* DSCDBApp */ = {
			isa = PBXNativeTarget;
			buildConfigurationList = 3F9FE4EA245A339400BD36DF /* Build configuration list for PBXNativeTarget "DSCDBApp" */;
			buildPhases = (
				3F9FE4BB245A339300BD36DF /* Sources */,
				3F9FE4BC245A339300BD36DF /* Frameworks */,
				3F9FE4BD245A339300BD36DF /* Resources */,
			);
			buildRules = (
			);
			dependencies = (
			);
			name = DSCDBApp;
			productName = DSCDBApp;
			productReference = 3F9FE4BF245A339300BD36DF /* DSCDBApp.app */;
			productType = "com.apple.product-type.application";
		};
		3F9FE4D5245A339400BD36DF /* DSCDBAppTests */ = {
			isa = PBXNativeTarget;
			buildConfigurationList = 3F9FE4ED245A339400BD36DF /* Build configuration list for PBXNativeTarget "DSCDBAppTests" */;
			buildPhases = (
				3F9FE4D2245A339400BD36DF /* Sources */,
				3F9FE4D3245A339400BD36DF /* Frameworks */,
				3F9FE4D4245A339400BD36DF /* Resources */,
			);
			buildRules = (
			);
			dependencies = (
				3F9FE4D8245A339400BD36DF /* PBXTargetDependency */,
			);
			name = DSCDBAppTests;
			productName = DSCDBAppTests;
			productReference = 3F9FE4D6245A339400BD36DF /* DSCDBAppTests.xctest */;
			productType = "com.apple.product-type.bundle.unit-test";
		};
		3F9FE4E0245A339400BD36DF /* DSCDBAppUITests */ = {
			isa = PBXNativeTarget;
			buildConfigurationList = 3F9FE4F0245A339400BD36DF /* Build configuration list for PBXNativeTarget "DSCDBAppUITests" */;
			buildPhases = (
				3F9FE4DD245A339400BD36DF /* Sources */,
				3F9FE4DE245A339400BD36DF /* Frameworks */,
				3F9FE4DF245A339400BD36DF /* Resources */,
			);
			buildRules = (
			);
			dependencies = (
				3F9FE4E3245A339400BD36DF /* PBXTargetDependency */,
			);
			name = DSCDBAppUITests;
			productName = DSCDBAppUITests;
			productReference = 3F9FE4E1245A339400BD36DF /* DSCDBAppUITests.xctest */;
			productType = "com.apple.product-type.bundle.ui-testing";
		};
/* End PBXNativeTarget section */

/* Begin PBXProject section */
		3F9FE4B7245A339300BD36DF /* Project object */ = {
			isa = PBXProject;
			attributes = {
				LastSwiftUpdateCheck = 0940;
				LastUpgradeCheck = 0940;
				ORGANIZATIONNAME = student;
				TargetAttributes = {
					3F9FE4BE245A339300BD36DF = {
						CreatedOnToolsVersion = 9.4.1;
					};
					3F9FE4D5245A339400BD36DF = {
						CreatedOnToolsVersion = 9.4.1;
						TestTargetID = 3F9FE4BE245A339300BD36DF;
					};
					3F9FE4E0245A339400BD36DF = {
						CreatedOnToolsVersion = 9.4.1;
						TestTargetID = 3F9FE4BE245A339300BD36DF;
					};
				};
			};
			buildConfigurationList = 3F9FE4BA245A339300BD36DF /* Build configuration list for PBXProject "DSCDBApp" */;
			compatibilityVersion = "Xcode 9.3";
			developmentRegion = en;
			hasScannedForEncodings = 0;
			knownRegions = (
				en,
				Base,
			);
			mainGroup = 3F9FE4B6245A339300BD36DF;
			productRefGroup = 3F9FE4C0245A339300BD36DF /* Products */;
			projectDirPath = "";
			projectRoot = "";
			targets = (
				3F9FE4BE245A339300BD36DF /* DSCDBApp */,
				3F9FE4D5245A339400BD36DF /* DSCDBAppTests */,
				3F9FE4E0245A339400BD36DF /* DSCDBAppUITests */,
			);
		};
/* End PBXProject section */

/* Begin PBXResourcesBuildPhase section */
		3F9FE4BD245A339300BD36DF /* Resources */ = {
			isa = PBXResourcesBuildPhase;
			buildActionMask = 2147483647;
			files = (
				3F9FE4D0245A339400BD36DF /* LaunchScreen.storyboard in Resources */,
				3F9FE4CD245A339400BD36DF /* Assets.xcassets in Resources */,
				3F9FE4C8245A339300BD36DF /* Main.storyboard in Resources */,
			);
			runOnlyForDeploymentPostprocessing = 0;
		};
		3F9FE4D4245A339400BD36DF /* Resources */ = {
			isa = PBXResourcesBuildPhase;
			buildActionMask = 2147483647;
			files = (
			);
			runOnlyForDeploymentPostprocessing = 0;
		};
		3F9FE4DF245A339400BD36DF /* Resources */ = {
			isa = PBXResourcesBuildPhase;
			buildActionMask = 2147483647;
			files = (
			);
			runOnlyForDeploymentPostprocessing = 0;
		};
/* End PBXResourcesBuildPhase section */

/* Begin PBXSourcesBuildPhase section */
		3F9FE4BB245A339300BD36DF /* Sources */ = {
			isa = PBXSourcesBuildPhase;
			buildActionMask = 2147483647;
			files = (
				3F9FE4CB245A339300BD36DF /* DSCDBApp.xcdatamodeld in Sources */,
				3F9FE4C5245A339300BD36DF /* ViewController.swift in Sources */,
				3F9FE4C3245A339300BD36DF /* AppDelegate.swift in Sources */,
			);
			runOnlyForDeploymentPostprocessing = 0;
		};
		3F9FE4D2245A339400BD36DF /* Sources */ = {
			isa = PBXSourcesBuildPhase;
			buildActionMask = 2147483647;
			files = (
				3F9FE4DB245A339400BD36DF /* DSCDBAppTests.swift in Sources */,
			);
			runOnlyForDeploymentPostprocessing = 0;
		};
		3F9FE4DD245A339400BD36DF /* Sources */ = {
			isa = PBXSourcesBuildPhase;
			buildActionMask = 2147483647;
			files = (
				3F9FE4E6245A339400BD36DF /* DSCDBAppUITests.swift in Sources */,
			);
			runOnlyForDeploymentPostprocessing = 0;
		};
/* End PBXSourcesBuildPhase section */

/* Begin PBXTargetDependency section */
		3F9FE4D8245A339400BD36DF /* PBXTargetDependency */ = {
			isa = PBXTargetDependency;
			target = 3F9FE4BE245A339300BD36DF /* DSCDBApp */;
			targetProxy = 3F9FE4D7245A339400BD36DF /* PBXContainerItemProxy */;
		};
		3F9FE4E3245A339400BD36DF /* PBXTargetDependency */ = {
			isa = PBXTargetDependency;
			target = 3F9FE4BE245A339300BD36DF /* DSCDBApp */;
			targetProxy = 3F9FE4E2245A339400BD36DF /* PBXContainerItemProxy */;
		};
/* End PBXTargetDependency section */

/* Begin PBXVariantGroup section */
		3F9FE4C6245A339300BD36DF /* Main.storyboard */ = {
			isa = PBXVariantGroup;
			children = (
				3F9FE4C7245A339300BD36DF /* Base */,
			);
			name = Main.storyboard;
			sourceTree = "<group>";
		};
		3F9FE4CE245A339400BD36DF /* LaunchScreen.storyboard */ = {
			isa = PBXVariantGroup;
			children = (
				3F9FE4CF245A339400BD36DF /* Base */,
			);
			name = LaunchScreen.storyboard;
			sourceTree = "<group>";
		};
/* End PBXVariantGroup section */

/* Begin XCBuildConfiguration section */
		3F9FE4E8245A339400BD36DF /* Debug */ = {
			isa = XCBuildConfiguration;
			buildSettings = {
				ALWAYS_SEARCH_USER_PATHS = NO;
				CLANG_ANALYZER_NONNULL = YES;
				CLANG_ANALYZER_NUMBER_OBJECT_CONVERSION = YES_AGGRESSIVE;
				CLANG_CXX_LANGUAGE_STANDARD = "gnu++14";
				CLANG_CXX_LIBRARY = "libc++";
				CLANG_ENABLE_MODULES = YES;
				CLANG_ENABLE_OBJC_ARC = YES;
				CLANG_ENABLE_OBJC_WEAK = YES;
				CLANG_WARN_BLOCK_CAPTURE_AUTORELEASING = YES;
				CLANG_WARN_BOOL_CONVERSION = YES;
				CLANG_WARN_COMMA = YES;
				CLANG_WARN_CONSTANT_CONVERSION = YES;
				CLANG_WARN_DEPRECATED_OBJC_IMPLEMENTATIONS = YES;
				CLANG_WARN_DIRECT_OBJC_ISA_USAGE = YES_ERROR;
				CLANG_WARN_DOCUMENTATION_COMMENTS = YES;
				CLANG_WARN_EMPTY_BODY = YES;
				CLANG_WARN_ENUM_CONVERSION = YES;
				CLANG_WARN_INFINITE_RECURSION = YES;
				CLANG_WARN_INT_CONVERSION = YES;
				CLANG_WARN_NON_LITERAL_NULL_CONVERSION = YES;
				CLANG_WARN_OBJC_IMPLICIT_RETAIN_SELF = YES;
				CLANG_WARN_OBJC_LITERAL_CONVERSION = YES;
				CLANG_WARN_OBJC_ROOT_CLASS = YES_ERROR;
				CLANG_WARN_RANGE_LOOP_ANALYSIS = YES;
				CLANG_WARN_STRICT_PROTOTYPES = YES;
				CLANG_WARN_SUSPICIOUS_MOVE = YES;
				CLANG_WARN_UNGUARDED_AVAILABILITY = YES_AGGRESSIVE;
				CLANG_WARN_UNREACHABLE_CODE = YES;
				CLANG_WARN__DUPLICATE_METHOD_MATCH = YES;
				CODE_SIGN_IDENTITY = "iPhone Developer";
				COPY_PHASE_STRIP = NO;
				DEBUG_INFORMATION_FORMAT = dwarf;
				ENABLE_STRICT_OBJC_MSGSEND = YES;
				ENABLE_TESTABILITY = YES;
				GCC_C_LANGUAGE_STANDARD = gnu11;
				GCC_DYNAMIC_NO_PIC = NO;
				GCC_NO_COMMON_BLOCKS = YES;
				GCC_OPTIMIZATION_LEVEL = 0;
				GCC_PREPROCESSOR_DEFINITIONS = (
					"DEBUG=1",
					"$(inherited)",
				);
				GCC_WARN_64_TO_32_BIT_CONVERSION = YES;
				GCC_WARN_ABOUT_RETURN_TYPE = YES_ERROR;
				GCC_WARN_UNDECLARED_SELECTOR = YES;
				GCC_WARN_UNINITIALIZED_AUTOS = YES_AGGRESSIVE;
				GCC_WARN_UNUSED_FUNCTION = YES;
				GCC_WARN_UNUSED_VARIABLE = YES;
				IPHONEOS_DEPLOYMENT_TARGET = 11.4;
				MTL_ENABLE_DEBUG_INFO = YES;
				ONLY_ACTIVE_ARCH = YES;
				SDKROOT = iphoneos;
				SWIFT_ACTIVE_COMPILATION_CONDITIONS = DEBUG;
				SWIFT_OPTIMIZATION_LEVEL = "-Onone";
			};
			name = Debug;
		};
		3F9FE4E9245A339400BD36DF /* Release */ = {
			isa = XCBuildConfiguration;
			buildSettings = {
				ALWAYS_SEARCH_USER_PATHS = NO;
				CLANG_ANALYZER_NONNULL = YES;
				CLANG_ANALYZER_NUMBER_OBJECT_CONVERSION = YES_AGGRESSIVE;
				CLANG_CXX_LANGUAGE_STANDARD = "gnu++14";
				CLANG_CXX_LIBRARY = "libc++";
				CLANG_ENABLE_MODULES = YES;
				CLANG_ENABLE_OBJC_ARC = YES;
				CLANG_ENABLE_OBJC_WEAK = YES;
				CLANG_WARN_BLOCK_CAPTURE_AUTORELEASING = YES;
				CLANG_WARN_BOOL_CONVERSION = YES;
				CLANG_WARN_COMMA = YES;
				CLANG_WARN_CONSTANT_CONVERSION = YES;
				CLANG_WARN_DEPRECATED_OBJC_IMPLEMENTATIONS = YES;
				CLANG_WARN_DIRECT_OBJC_ISA_USAGE = YES_ERROR;
				CLANG_WARN_DOCUMENTATION_COMMENTS = YES;
				CLANG_WARN_EMPTY_BODY = YES;
				CLANG_WARN_ENUM_CONVERSION = YES;
				CLANG_WARN_INFINITE_RECURSION = YES;
				CLANG_WARN_INT_CONVERSION = YES;
				CLANG_WARN_NON_LITERAL_NULL_CONVERSION = YES;
				CLANG_WARN_OBJC_IMPLICIT_RETAIN_SELF = YES;
				CLANG_WARN_OBJC_LITERAL_CONVERSION = YES;
				CLANG_WARN_OBJC_ROOT_CLASS = YES_ERROR;
				CLANG_WARN_RANGE_LOOP_ANALYSIS = YES;
				CLANG_WARN_STRICT_PROTOTYPES = YES;
				CLANG_WARN_SUSPICIOUS_MOVE = YES;
				CLANG_WARN_UNGUARDED_AVAILABILITY = YES_AGGRESSIVE;
				CLANG_WARN_UNREACHABLE_CODE = YES;
				CLANG_WARN__DUPLICATE_METHOD_MATCH = YES;
				CODE_SIGN_IDENTITY = "iPhone Developer";
				COPY_PHASE_STRIP = NO;
				DEBUG_INFORMATION_FORMAT = "dwarf-with-dsym";
				ENABLE_NS_ASSERTIONS = NO;
				ENABLE_STRICT_OBJC_MSGSEND = YES;
				GCC_C_LANGUAGE_STANDARD = gnu11;
				GCC_NO_COMMON_BLOCKS = YES;
				GCC_WARN_64_TO_32_BIT_CONVERSION = YES;
				GCC_WARN_ABOUT_RETURN_TYPE = YES_ERROR;
				GCC_WARN_UNDECLARED_SELECTOR = YES;
				GCC_WARN_UNINITIALIZED_AUTOS = YES_AGGRESSIVE;
				GCC_WARN_UNUSED_FUNCTION = YES;
				GCC_WARN_UNUSED_VARIABLE = YES;
				IPHONEOS_DEPLOYMENT_TARGET = 11.4;
				MTL_ENABLE_DEBUG_INFO = NO;
				SDKROOT = iphoneos;
				SWIFT_COMPILATION_MODE = wholemodule;
				SWIFT_OPTIMIZATION_LEVEL = "-O";
				VALIDATE_PRODUCT = YES;
			};
			name = Release;
		};
		3F9FE4EB245A339400BD36DF /* Debug */ = {
			isa = XCBuildConfiguration;
			buildSettings = {
				ASSETCATALOG_COMPILER_APPICON_NAME = AppIcon;
				CODE_SIGN_STYLE = Automatic;
				INFOPLIST_FILE = DSCDBApp/Info.plist;
				LD_RUNPATH_SEARCH_PATHS = (
					"$(inherited)",
					"@executable_path/Frameworks",
				);
				PRODUCT_BUNDLE_IDENTIFIER = com.example.DSCDBApp;
				PRODUCT_NAME = "$(TARGET_NAME)";
				SWIFT_VERSION = 4.0;
				TARGETED_DEVICE_FAMILY = "1,2";
			};
			name = Debug;
		};
		3F9FE4EC245A339400BD36DF /* Release */ = {
			isa = XCBuildConfiguration;
			buildSettings = {
				ASSETCATALOG_COMPILER_APPICON_NAME = AppIcon;
				CODE_SIGN_STYLE = Automatic;
				INFOPLIST_FILE = DSCDBApp/Info.plist;
				LD_RUNPATH_SEARCH_PATHS = (
					"$(inherited)",
					"@executable_path/Frameworks",
				);
				PRODUCT_BUNDLE_IDENTIFIER = com.example.DSCDBApp;
				PRODUCT_NAME = "$(TARGET_NAME)";
				SWIFT_VERSION = 4.0;
				TARGETED_DEVICE_FAMILY = "1,2";
			};
			name = Release;
		};
		3F9FE4EE245A339400BD36DF /* Debug */ = {
			isa = XCBuildConfiguration;
			buildSettings = {
				ALWAYS_EMBED_SWIFT_STANDARD_LIBRARIES = YES;
				BUNDLE_LOADER = "$(TEST_HOST)";
				CODE_SIGN_STYLE = Automatic;
				INFOPLIST_FILE = DSCDBAppTests/Info.plist;
				LD_RUNPATH_SEARCH_PATHS = (
					"$(inherited)",
					"@executable_path/Frameworks",
					"@loader_path/Frameworks",
				);
				PRODUCT_BUNDLE_IDENTIFIER = com.example.DSCDBAppTests;
				PRODUCT_NAME = "$(TARGET_NAME)";
				SWIFT_VERSION = 4.0;
				TARGETED_DEVICE_FAMILY = "1,2";
				TEST_HOST = "$(BUILT_PRODUCTS_DIR)/DSCDBApp.app/DSCDBApp";
			};
			name = Debug;
		};
		3F9FE4EF245A339400BD36DF /* Release */ = {
			isa = XCBuildConfiguration;
			buildSettings = {
				ALWAYS_EMBED_SWIFT_STANDARD_LIBRARIES = YES;
				BUNDLE_LOADER = "$(TEST_HOST)";
				CODE_SIGN_STYLE = Automatic;
				INFOPLIST_FILE = DSCDBAppTests/Info.plist;
				LD_RUNPATH_SEARCH_PATHS = (
					"$(inherited)",
					"@executable_path/Frameworks",
					"@loader_path/Frameworks",
				);
				PRODUCT_BUNDLE_IDENTIFIER = com.example.DSCDBAppTests;
				PRODUCT_NAME = "$(TARGET_NAME)";
				SWIFT_VERSION = 4.0;
				TARGETED_DEVICE_FAMILY = "1,2";
				TEST_HOST = "$(BUILT_PRODUCTS_DIR)/DSCDBApp.app/DSCDBApp";
			};
			name = Release;
		};
		3F9FE4F1245A339400BD36DF /* Debug */ = {
			isa = XCBuildConfiguration;
			buildSettings = {
				ALWAYS_EMBED_SWIFT_STANDARD_LIBRARIES = YES;
				CODE_SIGN_STYLE = Automatic;
				INFOPLIST_FILE = DSCDBAppUITests/Info.plist;
				LD_RUNPATH_SEARCH_PATHS = (
					"$(inherited)",
					"@executable_path/Frameworks",
					"@loader_path/Frameworks",
				);
				PRODUCT_BUNDLE_IDENTIFIER = com.example.DSCDBAppUITests;
				PRODUCT_NAME = "$(TARGET_NAME)";
				SWIFT_VERSION = 4.0;
				TARGETED_DEVICE_FAMILY = "1,2";
				TEST_TARGET_NAME = DSCDBApp;
			};
			name = Debug;
		};
		3F9FE4F2245A339400BD36DF /* Release */ = {
			isa = XCBuildConfiguration;
			buildSettings = {
				ALWAYS_EMBED_SWIFT_STANDARD_LIBRARIES = YES;
				CODE_SIGN_STYLE = Automatic;
				INFOPLIST_FILE = DSCDBAppUITests/Info.plist;
				LD_RUNPATH_SEARCH_PATHS = (
					"$(inherited)",
					"@executable_path/Frameworks",
					"@loader_path/Frameworks",
				);
				PRODUCT_BUNDLE_IDENTIFIER = com.example.DSCDBAppUITests;
				PRODUCT_NAME = "$(TARGET_NAME)";
				SWIFT_VERSION = 4.0;
				TARGETED_DEVICE_FAMILY = "1,2";
				TEST_TARGET_NAME = DSCDBApp;
			};
			name = Release;
		};
/* End XCBuildConfiguration section */

/* Begin XCConfigurationList section */
		3F9FE4BA245A339300BD36DF /* Build configuration list for PBXProject "DSCDBApp" */ = {
			isa = XCConfigurationList;
			buildConfigurations = (
				3F9FE4E8245A339400BD36DF /* Debug */,
				3F9FE4E9245A339400BD36DF /* Release */,
			);
			defaultConfigurationIsVisible = 0;
			defaultConfigurationName = Release;
		};
		3F9FE4EA245A339400BD36DF /* Build configuration list for PBXNativeTarget "DSCDBApp" */ = {
			isa = XCConfigurationList;
			buildConfigurations = (
				3F9FE4EB245A339400BD36DF /* Debug */,
				3F9FE4EC245A339400BD36DF /* Release */,
			);
			defaultConfigurationIsVisible = 0;
			defaultConfigurationName = Release;
		};
		3F9FE4ED245A339400BD36DF /* Build configuration list for PBXNativeTarget "DSCDBAppTests" */ = {
			isa = XCConfigurationList;
			buildConfigurations = (
				3F9FE4EE245A339400BD36DF /* Debug */,
				3F9FE4EF245A339400BD36DF /* Release */,
			);
			defaultConfigurationIsVisible = 0;
			defaultConfigurationName = Release;
		};
		3F9FE4F0245A339400BD36DF /* Build configuration list for PBXNativeTarget "DSCDBAppUITests" */ = {
			isa = XCConfigurationList;
			buildConfigurations = (
				3F9FE4F1245A339400BD36DF /* Debug */,
				3F9FE4F2245A339400BD36DF /* Release */,
			);
			defaultConfigurationIsVisible = 0;
			defaultConfigurationName = Release;
		};
/* End XCConfigurationList section */

/* Begin XCVersionGroup section */
		3F9FE4C9245A339300BD36DF /* DSCDBApp.xcdatamodeld */ = {
			isa = XCVersionGroup;
			children = (
				3F9FE4CA245A339300BD36DF /* DSCDBApp.xcdatamodel */,
			);
			currentVersion = 3F9FE4CA245A339300BD36DF /* DSCDBApp.xcdatamodel */;
			path = DSCDBApp.xcdatamodeld;
			sourceTree = "<group>";
			versionGroupType = wrapper.xcdatamodel;
		};
/* End XCVersionGroup section */
	};
	rootObject = 3F9FE4B7245A339300BD36DF /* Project object */;
}
